<?xml version="1.0" encoding="utf-8"?>
<Project ToolsVersion="4.0" xmlns="http://schemas.microsoft.com/developer/msbuild/2003">
  <ItemGroup>
    <Filter Include="Source Files">
      <UniqueIdentifier>{4FC737F1-C7A5-4376-A066-2A32D752A2FF}</UniqueIdentifier>
      <Extensions>cpp;c;cc;cxx;def;odl;idl;hpj;bat;asm;asmx</Extensions>
    </Filter>
    <Filter Include="Header Files">
      <UniqueIdentifier>{93995380-89BD-4b04-88EB-625FBE52EBFB}</UniqueIdentifier>
      <Extensions>h;hh;hpp;hxx;hm;inl;inc;ipp;xsd</Extensions>
    </Filter>
    <Filter Include="Resource Files">
      <UniqueIdentifier>{67DA6AB6-F800-4c08-8B7A-83BB121AAD01}</UniqueIdentifier>
      <Extensions>rc;ico;cur;bmp;dlg;rc2;rct;bin;rgs;gif;jpg;jpeg;jpe;resx;tiff;tif;png;wav;mfcribbon-ms</Extensions>
    </Filter>
    <Filter Include="FrameWork">
      <UniqueIdentifier>{7536bbd7-7b12-4685-84d2-6e695ef26d3a}</UniqueIdentifier>
    </Filter>
    <Filter Include="FrameWork\KeyManager">
      <UniqueIdentifier>{ebc44fe1-eaf3-4acf-af75-515d6e78960e}</UniqueIdentifier>
    </Filter>
    <Filter Include="FrameWork\GameManager">
      <UniqueIdentifier>{2a32b059-df5d-4fb9-9ea2-5ab967578b2c}</UniqueIdentifier>
    </Filter>
    <Filter Include="Header Files\_Header">
      <UniqueIdentifier>{481c1032-6521-4e84-97d6-a59d1436686b}</UniqueIdentifier>
    </Filter>
    <Filter Include="FrameWork\Player">
      <UniqueIdentifier>{0c19316b-9f66-4117-9195-9de49039123f}</UniqueIdentifier>
    </Filter>
    <Filter Include="FrameWork\Player\Gun">
      <UniqueIdentifier>{24cffb61-2fee-441c-9075-e0986799f58f}</UniqueIdentifier>
    </Filter>
    <Filter Include="FrameWork\BackGround">
      <UniqueIdentifier>{f9af97b7-e9f4-4755-a2ac-1feafb23d1b9}</UniqueIdentifier>
    </Filter>
    <Filter Include="FrameWork\Utility">
      <UniqueIdentifier>{4d2c633c-0bb8-411f-9a82-44ff5c09f664}</UniqueIdentifier>
    </Filter>
    <Filter Include="FrameWork\Enemy">
      <UniqueIdentifier>{4b089028-130b-44ea-a2d0-681ef4c9b85c}</UniqueIdentifier>
    </Filter>
    <Filter Include="FrameWork\Image">
      <UniqueIdentifier>{336637b6-60e9-486f-8b6f-29f6002c6e7c}</UniqueIdentifier>
    </Filter>
  </ItemGroup>
  <ItemGroup>
    <ClInclude Include="stdafx.h">
      <Filter>Header Files</Filter>
    </ClInclude>
    <ClInclude Include="keyManager.h">
      <Filter>FrameWork\KeyManager</Filter>
    </ClInclude>
    <ClInclude Include="GAMEMANAGER.h">
      <Filter>FrameWork\GameManager</Filter>
    </ClInclude>
    <ClInclude Include="targetver.h">
      <Filter>Header Files\_Header</Filter>
    </ClInclude>
    <ClInclude Include="Resource.h">
      <Filter>Header Files\_Header</Filter>
    </ClInclude>
    <ClInclude Include="PLAYER.h">
      <Filter>FrameWork\Player</Filter>
    </ClInclude>
    <ClInclude Include="GUN.h">
      <Filter>FrameWork\Player\Gun</Filter>
    </ClInclude>
    <ClInclude Include="DEFAULTGUN.h">
      <Filter>FrameWork\Player\Gun</Filter>
    </ClInclude>
    <ClInclude Include="singletonBase.h">
      <Filter>FrameWork\Utility</Filter>
    </ClInclude>
    <ClInclude Include="GROUNDnOBSTACLE.h">
      <Filter>FrameWork\BackGround</Filter>
    </ClInclude>
    <ClInclude Include="ENEMY.h">
      <Filter>FrameWork\Enemy</Filter>
    </ClInclude>
    <ClInclude Include="2D_Game_MetalSlug.h">
      <Filter>FrameWork</Filter>
    </ClInclude>
    <ClInclude Include="SOLDIER.h">
      <Filter>FrameWork\Enemy</Filter>
    </ClInclude>
    <ClInclude Include="Image.h">
      <Filter>FrameWork\Image</Filter>
    </ClInclude>
  </ItemGroup>
  <ItemGroup>
    <ClCompile Include="stdafx.cpp">
      <Filter>Source Files</Filter>
    </ClCompile>
    <ClCompile Include="keyManager.cpp">
      <Filter>FrameWork\KeyManager</Filter>
    </ClCompile>
    <ClCompile Include="GAMEMANAGER.cpp">
      <Filter>FrameWork\GameManager</Filter>
    </ClCompile>
    <ClCompile Include="PLAYER.cpp">
      <Filter>FrameWork\Player</Filter>
    </ClCompile>
    <ClCompile Include="GUN.cpp">
      <Filter>FrameWork\Player\Gun</Filter>
    </ClCompile>
    <ClCompile Include="DEFAULTGUN.cpp">
      <Filter>FrameWork\Player\Gun</Filter>
    </ClCompile>
    <ClCompile Include="GROUNDnOBSTACLE.cpp">
      <Filter>FrameWork\BackGround</Filter>
    </ClCompile>
    <ClCompile Include="ENEMY.cpp">
      <Filter>FrameWork\Enemy</Filter>
    </ClCompile>
    <ClCompile Include="2D_Game_MetalSlug.cpp">
      <Filter>FrameWork</Filter>
    </ClCompile>
    <ClCompile Include="SOLDIER.cpp">
      <Filter>FrameWork\Enemy</Filter>
    </ClCompile>
    <ClCompile Include="Image.cpp">
      <Filter>FrameWork\Image</Filter>
    </ClCompile>
  </ItemGroup>
</Project>